
Microsoft Visual Studio Solution File, Format Version 12.00
# Visual Studio 15
VisualStudioVersion = 15.0.28010.2046
MinimumVisualStudioVersion = 10.0.40219.1
Project("{FAE04EC0-301F-11D3-BF4B-00C04F79EFBC}") = "DMSkin.Wallpaper", "DMSkin.Wallpaper\DMSkin.Wallpaper.csproj", "{C1C6409D-7ED3-48D6-9C99-1A5626F0B554}"
EndProject
Global
	GlobalSection(SolutionConfigurationPlatforms) = preSolution
		Debug|Any CPU = Debug|Any CPU
		Release|Any CPU = Release|Any CPU
	EndGlobalSection
	GlobalSection(ProjectConfigurationPlatforms) = postSolution
		{C1C6409D-7ED3-48D6-9C99-1A5626F0B554}.Debug|Any CPU.ActiveCfg = Debug|Any CPU
		{C1C6409D-7ED3-48D6-9C99-1A5626F0B554}.Debug|Any CPU.Build.0 = Debug|Any CPU
		{C1C6409D-7ED3-48D6-9C99-1A5626F0B554}.Release|Any CPU.ActiveCfg = Release|Any CPU
		{C1C6409D-7ED3-48D6-9C99-1A5626F0B554}.Release|Any CPU.Build.0 = Release|Any CPU
	EndGlobalSection
	GlobalSection(SolutionProperties) = preSolution
		HideSolutionNode = FALSE
	EndGlobalSection
	GlobalSection(ExtensibilityGlobals) = postSolution
		SolutionGuid = {FD850160-FF43-42BF-8820-E6DCF8F1584C}
	EndGlobalSection
EndGlobal
